
Microsoft Visual Studio Solution File, Format Version 12.00
# Visual Studio Version 17
VisualStudioVersion = 17.14.36221.1
MinimumVisualStudioVersion = 10.0.40219.1
Project("{FAE04EC0-301F-11D3-BF4B-00C04F79EFBC}") = "TicketSystem", "TicketSystem.csproj", "{A3D82C93-2D14-4B32-821E-EE2C70804CA4}"
EndProject
Global
	GlobalSection(SolutionConfigurationPlatforms) = preSolution
		Debug|Any CPU = Debug|Any CPU
		Release|Any CPU = Release|Any CPU
	EndGlobalSection
	GlobalSection(ProjectConfigurationPlatforms) = postSolution
		{A3D82C93-2D14-4B32-821E-EE2C70804CA4}.Debug|Any CPU.ActiveCfg = Debug|Any CPU
		{A3D82C93-2D14-4B32-821E-EE2C70804CA4}.Debug|Any CPU.Build.0 = Debug|Any CPU
		{A3D82C93-2D14-4B32-821E-EE2C70804CA4}.Release|Any CPU.ActiveCfg = Release|Any CPU
		{A3D82C93-2D14-4B32-821E-EE2C70804CA4}.Release|Any CPU.Build.0 = Release|Any CPU
	EndGlobalSection
	GlobalSection(SolutionProperties) = preSolution
		HideSolutionNode = FALSE
	EndGlobalSection
	GlobalSection(ExtensibilityGlobals) = postSolution
		SolutionGuid = {83D8A79E-7D7B-4BFB-A0AC-726A712A16B4}
	EndGlobalSection
EndGlobal
